github.com/Jeffail/tunny v0.1.4 h1:chtpdz+nUtaYQeCKlNBg6GycFF/kGVHOr6A3cmzTJXs=
github.com/Jeffail/tunny v0.1.4/go.mod h1:P8xAx4XQl0xsuhjX1DtfaMDCSuavzdb2rwbd0lk+fvo=
github.com/gopherjs/gopherjs v0.0.0-20181017120253-0766667cb4d1 h1:EGx4pi6eqNxGaHF6qqu48+N2wcFQ5qg5FXgOdqsJ5d8=
github.com/jtolds/gls v4.20.0+incompatible h1:xdiiI2gbIgH/gLH7ADydsJ1uDOEzR8yvV7C0MuV77Wo=
github.com/panjf2000/ants/v2 v2.5.0 h1:1rWGWSnxCsQBga+nQbA4/iY6VMeNoOIAM0ZWh9u3q2Q=
github.com/panjf2000/ants/v2 v2.5.0/go.mod h1:cU93usDlihJZ5CfRGNDYsiBYvoilLvBF5Qp/BT2GNRE=
github.com/smartystreets/assertions v1.2.0 h1:42S6lae5dvLc7BrLu/0ugRtcFVjoJNMC/N3yZFZkDFs=
github.com/smartystreets/goconvey v1.7.2 h1:9RBaZCeXEQ3UselpuwUQHltGVXvdwm6cv1hgR6gDIPg=
golang.org/x/exp v0.0.0-20220328175248-053ad81199eb h1:pC9Okm6BVmxEw76PUu0XUbOTQ92JX11hfvqTjAV3qxM=
golang.org/x/exp v0.0.0-20220328175248-053ad81199eb/go.mod h1:lgLbSvA5ygNOMpwM/9anMpWVlVJ7Z+cHWq/eFuinpGE=
